// !$*UTF8*$!
{
	archiveVersion = 1;
	classes = {
	};
	objectVersion = 46;
	objects = {

/* Begin PBXBuildFile section */
		8293C00E1DDBE9C200EFCC85 /* AppDelegate.swift in Sources */ = {isa = PBXBuildFile; fileRef = 8293C00D1DDBE9C200EFCC85 /* AppDelegate.swift */; };
		8293C0101DDBE9C200EFCC85 /* ViewController.swift in Sources */ = {isa = PBXBuildFile; fileRef = 8293C00F1DDBE9C200EFCC85 /* ViewController.swift */; };
		8293C0131DDBE9C200EFCC85 /* Main.storyboard in Resources */ = {isa = PBXBuildFile; fileRef = 8293C0111DDBE9C200EFCC85 /* Main.storyboard */; };
		8293C0151DDBE9C200EFCC85 /* Assets.xcassets in Resources */ = {isa = PBXBuildFile; fileRef = 8293C0141DDBE9C200EFCC85 /* Assets.xcassets */; };
		8293C0181DDBE9C200EFCC85 /* LaunchScreen.storyboard in Resources */ = {isa = PBXBuildFile; fileRef = 8293C0161DDBE9C200EFCC85 /* LaunchScreen.storyboard */; };
		8293C0211DDBE9CC00EFCC85 /* MapKit.framework in Frameworks */ = {isa = PBXBuildFile; fileRef = 8293C0201DDBE9CC00EFCC85 /* MapKit.framework */; };
		8293C0231DDBEA4200EFCC85 /* LocationService.swift in Sources */ = {isa = PBXBuildFile; fileRef = 8293C0221DDBEA4200EFCC85 /* LocationService.swift */; };
		82F5C11D1DE2F375007D36DF /* ConfigUserNotification.swift in Sources */ = {isa = PBXBuildFile; fileRef = 82F5C11C1DE2F375007D36DF /* ConfigUserNotification.swift */; };
/* End PBXBuildFile section */

/* Begin PBXFileReference section */
		8293C00A1DDBE9C200EFCC85 /* ClloctionMapKitGuide.app */ = {isa = PBXFileReference; explicitFileType = wrapper.application; includeInIndex = 0; path = ClloctionMapKitGuide.app; sourceTree = BUILT_PRODUCTS_DIR; };
		8293C00D1DDBE9C200EFCC85 /* AppDelegate.swift */ = {isa = PBXFileReference; lastKnownFileType = sourcecode.swift; path = AppDelegate.swift; sourceTree = "<group>"; };
		8293C00F1DDBE9C200EFCC85 /* ViewController.swift */ = {isa = PBXFileReference; lastKnownFileType = sourcecode.swift; path = ViewController.swift; sourceTree = "<group>"; };
		8293C0121DDBE9C200EFCC85 /* Base */ = {isa = PBXFileReference; lastKnownFileType = file.storyboard; name = Base; path = Base.lproj/Main.storyboard; sourceTree = "<group>"; };
		8293C0141DDBE9C200EFCC85 /* Assets.xcassets */ = {isa = PBXFileReference; lastKnownFileType = folder.assetcatalog; path = Assets.xcassets; sourceTree = "<group>"; };
		8293C0171DDBE9C200EFCC85 /* Base */ = {isa = PBXFileReference; lastKnownFileType = file.storyboard; name = Base; path = Base.lproj/LaunchScreen.storyboard; sourceTree = "<group>"; };
		8293C0191DDBE9C200EFCC85 /* Info.plist */ = {isa = PBXFileReference; lastKnownFileType = text.plist.xml; path = Info.plist; sourceTree = "<group>"; };
		8293C0201DDBE9CC00EFCC85 /* MapKit.framework */ = {isa = PBXFileReference; lastKnownFileType = wrapper.framework; name = MapKit.framework; path = System/Library/Frameworks/MapKit.framework; sourceTree = SDKROOT; };
		8293C0221DDBEA4200EFCC85 /* LocationService.swift */ = {isa = PBXFileReference; fileEncoding = 4; lastKnownFileType = sourcecode.swift; path = LocationService.swift; sourceTree = "<group>"; };
		82F5C11C1DE2F375007D36DF /* ConfigUserNotification.swift */ = {isa = PBXFileReference; fileEncoding = 4; lastKnownFileType = sourcecode.swift; path = ConfigUserNotification.swift; sourceTree = "<group>"; };
/* End PBXFileReference section */

/* Begin PBXFrameworksBuildPhase section */
		8293C0071DDBE9C200EFCC85 /* Frameworks */ = {
			isa = PBXFrameworksBuildPhase;
			buildActionMask = 2147483647;
			files = (
				8293C0211DDBE9CC00EFCC85 /* MapKit.framework in Frameworks */,
			);
			runOnlyForDeploymentPostprocessing = 0;
		};
/* End PBXFrameworksBuildPhase section */

/* Begin PBXGroup section */
		8293C0011DDBE9C200EFCC85 = {
			isa = PBXGroup;
			children = (
				8293C00C1DDBE9C200EFCC85 /* ClloctionMapKitGuide */,
				8293C00B1DDBE9C200EFCC85 /* Products */,
				8293C01F1DDBE9CC00EFCC85 /* Frameworks */,
			);
			sourceTree = "<group>";
		};
		8293C00B1DDBE9C200EFCC85 /* Products */ = {
			isa = PBXGroup;
			children = (
				8293C00A1DDBE9C200EFCC85 /* ClloctionMapKitGuide.app */,
			);
			name = Products;
			sourceTree = "<group>";
		};
		8293C00C1DDBE9C200EFCC85 /* ClloctionMapKitGuide */ = {
			isa = PBXGroup;
			children = (
				8293C00D1DDBE9C200EFCC85 /* AppDelegate.swift */,
				8293C00F1DDBE9C200EFCC85 /* ViewController.swift */,
				8293C0221DDBEA4200EFCC85 /* LocationService.swift */,
				82F5C11C1DE2F375007D36DF /* ConfigUserNotification.swift */,
				8293C0111DDBE9C200EFCC85 /* Main.storyboard */,
				8293C0141DDBE9C200EFCC85 /* Assets.xcassets */,
				8293C0161DDBE9C200EFCC85 /* LaunchScreen.storyboard */,
				8293C0191DDBE9C200EFCC85 /* Info.plist */,
			);
			path = ClloctionMapKitGuide;
			sourceTree = "<group>";
		};
		8293C01F1DDBE9CC00EFCC85 /* Frameworks */ = {
			isa = PBXGroup;
			children = (
				8293C0201DDBE9CC00EFCC85 /* MapKit.framework */,
			);
			name = Frameworks;
			sourceTree = "<group>";
		};
/* End PBXGroup section */

/* Begin PBXNativeTarget section */
		8293C0091DDBE9C200EFCC85 /* ClloctionMapKitGuide */ = {
			isa = PBXNativeTarget;
			buildConfigurationList = 8293C01C1DDBE9C200EFCC85 /* Build configuration list for PBXNativeTarget "ClloctionMapKitGuide" */;
			buildPhases = (
				8293C0061DDBE9C200EFCC85 /* Sources */,
				8293C0071DDBE9C200EFCC85 /* Frameworks */,
				8293C0081DDBE9C200EFCC85 /* Resources */,
			);
			buildRules = (
			);
			dependencies = (
			);
			name = ClloctionMapKitGuide;
			productName = ClloctionMapKitGuide;
			productReference = 8293C00A1DDBE9C200EFCC85 /* ClloctionMapKitGuide.app */;
			productType = "com.apple.product-type.application";
		};
/* End PBXNativeTarget section */

/* Begin PBXProject section */
		8293C0021DDBE9C200EFCC85 /* Project object */ = {
			isa = PBXProject;
			attributes = {
				LastSwiftUpdateCheck = 0810;
				LastUpgradeCheck = 0810;
				ORGANIZATIONNAME = Jason_Yao;
				TargetAttributes = {
					8293C0091DDBE9C200EFCC85 = {
						CreatedOnToolsVersion = 8.1;
						DevelopmentTeam = J3V6S85N9Y;
						ProvisioningStyle = Automatic;
						SystemCapabilities = {
							com.apple.BackgroundModes = {
								enabled = 1;
							};
							com.apple.Maps.iOS = {
								enabled = 0;
							};
						};
					};
				};
			};
			buildConfigurationList = 8293C0051DDBE9C200EFCC85 /* Build configuration list for PBXProject "ClloctionMapKitGuide" */;
			compatibilityVersion = "Xcode 3.2";
			developmentRegion = English;
			hasScannedForEncodings = 0;
			knownRegions = (
				en,
				Base,
			);
			mainGroup = 8293C0011DDBE9C200EFCC85;
			productRefGroup = 8293C00B1DDBE9C200EFCC85 /* Products */;
			projectDirPath = "";
			projectRoot = "";
			targets = (
				8293C0091DDBE9C200EFCC85 /* ClloctionMapKitGuide */,
			);
		};
/* End PBXProject section */

/* Begin PBXResourcesBuildPhase section */
		8293C0081DDBE9C200EFCC85 /* Resources */ = {
			isa = PBXResourcesBuildPhase;
			buildActionMask = 2147483647;
			files = (
				8293C0181DDBE9C200EFCC85 /* LaunchScreen.storyboard in Resources */,
				8293C0151DDBE9C200EFCC85 /* Assets.xcassets in Resources */,
				8293C0131DDBE9C200EFCC85 /* Main.storyboard in Resources */,
			);
			runOnlyForDeploymentPostprocessing = 0;
		};
/* End PBXResourcesBuildPhase section */

/* Begin PBXSourcesBuildPhase section */
		8293C0061DDBE9C200EFCC85 /* Sources */ = {
			isa = PBXSourcesBuildPhase;
			buildActionMask = 2147483647;
			files = (
				8293C0101DDBE9C200EFCC85 /* ViewController.swift in Sources */,
				8293C0231DDBEA4200EFCC85 /* LocationService.swift in Sources */,
				8293C00E1DDBE9C200EFCC85 /* AppDelegate.swift in Sources */,
				82F5C11D1DE2F375007D36DF /* ConfigUserNotification.swift in Sources */,
			);
			runOnlyForDeploymentPostprocessing = 0;
		};
/* End PBXSourcesBuildPhase section */

/* Begin PBXVariantGroup section */
		8293C0111DDBE9C200EFCC85 /* Main.storyboard */ = {
			isa = PBXVariantGroup;
			children = (
				8293C0121DDBE9C200EFCC85 /* Base */,
			);
			name = Main.storyboard;
			sourceTree = "<group>";
		};
		8293C0161DDBE9C200EFCC85 /* LaunchScreen.storyboard */ = {
			isa = PBXVariantGroup;
			children = (
				8293C0171DDBE9C200EFCC85 /* Base */,
			);
			name = LaunchScreen.storyboard;
			sourceTree = "<group>";
		};
/* End PBXVariantGroup section */

/* Begin XCBuildConfiguration section */
		8293C01A1DDBE9C200EFCC85 /* Debug */ = {
			isa = XCBuildConfiguration;
			buildSettings = {
				ALWAYS_SEARCH_USER_PATHS = NO;
				CLANG_ANALYZER_NONNULL = YES;
				CLANG_CXX_LANGUAGE_STANDARD = "gnu++0x";
				CLANG_CXX_LIBRARY = "libc++";
				CLANG_ENABLE_MODULES = YES;
				CLANG_ENABLE_OBJC_ARC = YES;
				CLANG_WARN_BOOL_CONVERSION = YES;
				CLANG_WARN_CONSTANT_CONVERSION = YES;
				CLANG_WARN_DIRECT_OBJC_ISA_USAGE = YES_ERROR;
				CLANG_WARN_DOCUMENTATION_COMMENTS = YES;
				CLANG_WARN_EMPTY_BODY = YES;
				CLANG_WARN_ENUM_CONVERSION = YES;
				CLANG_WARN_INFINITE_RECURSION = YES;
				CLANG_WARN_INT_CONVERSION = YES;
				CLANG_WARN_OBJC_ROOT_CLASS = YES_ERROR;
				CLANG_WARN_SUSPICIOUS_MOVES = YES;
				CLANG_WARN_UNREACHABLE_CODE = YES;
				CLANG_WARN__DUPLICATE_METHOD_MATCH = YES;
				"CODE_SIGN_IDENTITY[sdk=iphoneos*]" = "iPhone Developer";
				COPY_PHASE_STRIP = NO;
				DEBUG_INFORMATION_FORMAT = dwarf;
				ENABLE_STRICT_OBJC_MSGSEND = YES;
				ENABLE_TESTABILITY = YES;
				GCC_C_LANGUAGE_STANDARD = gnu99;
				GCC_DYNAMIC_NO_PIC = NO;
				GCC_NO_COMMON_BLOCKS = YES;
				GCC_OPTIMIZATION_LEVEL = 0;
				GCC_PREPROCESSOR_DEFINITIONS = (
					"DEBUG=1",
					"$(inherited)",
				);
				GCC_WARN_64_TO_32_BIT_CONVERSION = YES;
				GCC_WARN_ABOUT_RETURN_TYPE = YES_ERROR;
				GCC_WARN_UNDECLARED_SELECTOR = YES;
				GCC_WARN_UNINITIALIZED_AUTOS = YES_AGGRESSIVE;
				GCC_WARN_UNUSED_FUNCTION = YES;
				GCC_WARN_UNUSED_VARIABLE = YES;
				IPHONEOS_DEPLOYMENT_TARGET = 10.1;
				MTL_ENABLE_DEBUG_INFO = YES;
				ONLY_ACTIVE_ARCH = YES;
				SDKROOT = iphoneos;
				SWIFT_ACTIVE_COMPILATION_CONDITIONS = DEBUG;
				SWIFT_OPTIMIZATION_LEVEL = "-Onone";
				TARGETED_DEVICE_FAMILY = "1,2";
			};
			name = Debug;
		};
		8293C01B1DDBE9C200EFCC85 /* Release */ = {
			isa = XCBuildConfiguration;
			buildSettings = {
				ALWAYS_SEARCH_USER_PATHS = NO;
				CLANG_ANALYZER_NONNULL = YES;
				CLANG_CXX_LANGUAGE_STANDARD = "gnu++0x";
				CLANG_CXX_LIBRARY = "libc++";
				CLANG_ENABLE_MODULES = YES;
				CLANG_ENABLE_OBJC_ARC = YES;
				CLANG_WARN_BOOL_CONVERSION = YES;
				CLANG_WARN_CONSTANT_CONVERSION = YES;
				CLANG_WARN_DIRECT_OBJC_ISA_USAGE = YES_ERROR;
				CLANG_WARN_DOCUMENTATION_COMMENTS = YES;
				CLANG_WARN_EMPTY_BODY = YES;
				CLANG_WARN_ENUM_CONVERSION = YES;
				CLANG_WARN_INFINITE_RECURSION = YES;
				CLANG_WARN_INT_CONVERSION = YES;
				CLANG_WARN_OBJC_ROOT_CLASS = YES_ERROR;
				CLANG_WARN_SUSPICIOUS_MOVES = YES;
				CLANG_WARN_UNREACHABLE_CODE = YES;
				CLANG_WARN__DUPLICATE_METHOD_MATCH = YES;
				"CODE_SIGN_IDENTITY[sdk=iphoneos*]" = "iPhone Developer";
				COPY_PHASE_STRIP = NO;
				DEBUG_INFORMATION_FORMAT = "dwarf-with-dsym";
				ENABLE_NS_ASSERTIONS = NO;
				ENABLE_STRICT_OBJC_MSGSEND = YES;
				GCC_C_LANGUAGE_STANDARD = gnu99;
				GCC_NO_COMMON_BLOCKS = YES;
				GCC_WARN_64_TO_32_BIT_CONVERSION = YES;
				GCC_WARN_ABOUT_RETURN_TYPE = YES_ERROR;
				GCC_WARN_UNDECLARED_SELECTOR = YES;
				GCC_WARN_UNINITIALIZED_AUTOS = YES_AGGRESSIVE;
				GCC_WARN_UNUSED_FUNCTION = YES;
				GCC_WARN_UNUSED_VARIABLE = YES;
				IPHONEOS_DEPLOYMENT_TARGET = 10.1;
				MTL_ENABLE_DEBUG_INFO = NO;
				SDKROOT = iphoneos;
				SWIFT_OPTIMIZATION_LEVEL = "-Owholemodule";
				TARGETED_DEVICE_FAMILY = "1,2";
				VALIDATE_PRODUCT = YES;
			};
			name = Release;
		};
		8293C01D1DDBE9C200EFCC85 /* Debug */ = {
			isa = XCBuildConfiguration;
			buildSettings = {
				ALWAYS_EMBED_SWIFT_STANDARD_LIBRARIES = YES;
				ASSETCATALOG_COMPILER_APPICON_NAME = AppIcon;
				DEVELOPMENT_TEAM = J3V6S85N9Y;
				INFOPLIST_FILE = ClloctionMapKitGuide/Info.plist;
				LD_RUNPATH_SEARCH_PATHS = "$(inherited) @executable_path/Frameworks";
				PRODUCT_BUNDLE_IDENTIFIER = Ysx.ClloctionMapKitGuides;
				PRODUCT_NAME = "$(TARGET_NAME)";
				SWIFT_VERSION = 3.0;
			};
			name = Debug;
		};
		8293C01E1DDBE9C200EFCC85 /* Release */ = {
			isa = XCBuildConfiguration;
			buildSettings = {
				ALWAYS_EMBED_SWIFT_STANDARD_LIBRARIES = YES;
				ASSETCATALOG_COMPILER_APPICON_NAME = AppIcon;
				DEVELOPMENT_TEAM = J3V6S85N9Y;
				INFOPLIST_FILE = ClloctionMapKitGuide/Info.plist;
				LD_RUNPATH_SEARCH_PATHS = "$(inherited) @executable_path/Frameworks";
				PRODUCT_BUNDLE_IDENTIFIER = Ysx.ClloctionMapKitGuides;
				PRODUCT_NAME = "$(TARGET_NAME)";
				SWIFT_VERSION = 3.0;
			};
			name = Release;
		};
/* End XCBuildConfiguration section */

/* Begin XCConfigurationList section */
		8293C0051DDBE9C200EFCC85 /* Build configuration list for PBXProject "ClloctionMapKitGuide" */ = {
			isa = XCConfigurationList;
			buildConfigurations = (
				8293C01A1DDBE9C200EFCC85 /* Debug */,
				8293C01B1DDBE9C200EFCC85 /* Release */,
			);
			defaultConfigurationIsVisible = 0;
			defaultConfigurationName = Release;
		};
		8293C01C1DDBE9C200EFCC85 /* Build configuration list for PBXNativeTarget "ClloctionMapKitGuide" */ = {
			isa = XCConfigurationList;
			buildConfigurations = (
				8293C01D1DDBE9C200EFCC85 /* Debug */,
				8293C01E1DDBE9C200EFCC85 /* Release */,
			);
			defaultConfigurationIsVisible = 0;
			defaultConfigurationName = Release;
		};
/* End XCConfigurationList section */
	};
	rootObject = 8293C0021DDBE9C200EFCC85 /* Project object */;
}
